
Microsoft Visual Studio Solution File, Format Version 12.00
# Visual Studio Version 17
VisualStudioVersion = 17.5.33627.172
MinimumVisualStudioVersion = 10.0.40219.1
Project("{FAE04EC0-301F-11D3-BF4B-00C04F79EFBC}") = "WindowsFormsApp1", "WindowsFormsApp1\WindowsFormsApp1.csproj", "{2ED570A9-229C-468B-9D89-16E44BEEA97C}"
EndProject
Project("{2150E333-8FDC-42A3-9474-1A3956D46DE8}") = "Itens de Solução", "Itens de Solução", "{3888685B-2F79-4956-B841-73AFD4230289}"
	ProjectSection(SolutionItems) = preProject
		WindowsFormsApp1\bin\Release\CefSharp.BrowserSubprocess.Core.dll = WindowsFormsApp1\bin\Release\CefSharp.BrowserSubprocess.Core.dll
		WindowsFormsApp1\bin\Release\CefSharp.BrowserSubprocess.Core.pdb = WindowsFormsApp1\bin\Release\CefSharp.BrowserSubprocess.Core.pdb
		WindowsFormsApp1\bin\Release\CefSharp.BrowserSubprocess.exe = WindowsFormsApp1\bin\Release\CefSharp.BrowserSubprocess.exe
		WindowsFormsApp1\bin\Release\CefSharp.BrowserSubprocess.pdb = WindowsFormsApp1\bin\Release\CefSharp.BrowserSubprocess.pdb
		WindowsFormsApp1\bin\Release\CefSharp.Core.dll = WindowsFormsApp1\bin\Release\CefSharp.Core.dll
		WindowsFormsApp1\bin\Release\CefSharp.Core.pdb = WindowsFormsApp1\bin\Release\CefSharp.Core.pdb
		WindowsFormsApp1\bin\Release\CefSharp.Core.Runtime.dll = WindowsFormsApp1\bin\Release\CefSharp.Core.Runtime.dll
		WindowsFormsApp1\bin\Release\CefSharp.Core.Runtime.pdb = WindowsFormsApp1\bin\Release\CefSharp.Core.Runtime.pdb
		WindowsFormsApp1\bin\Release\CefSharp.Core.Runtime.xml = WindowsFormsApp1\bin\Release\CefSharp.Core.Runtime.xml
		WindowsFormsApp1\bin\Release\CefSharp.Core.xml = WindowsFormsApp1\bin\Release\CefSharp.Core.xml
		WindowsFormsApp1\bin\Release\CefSharp.dll = WindowsFormsApp1\bin\Release\CefSharp.dll
		WindowsFormsApp1\bin\Release\CefSharp.pdb = WindowsFormsApp1\bin\Release\CefSharp.pdb
		WindowsFormsApp1\bin\Release\CefSharp.WinForms.dll = WindowsFormsApp1\bin\Release\CefSharp.WinForms.dll
		WindowsFormsApp1\bin\Release\CefSharp.WinForms.pdb = WindowsFormsApp1\bin\Release\CefSharp.WinForms.pdb
		WindowsFormsApp1\bin\Release\CefSharp.WinForms.xml = WindowsFormsApp1\bin\Release\CefSharp.WinForms.xml
		WindowsFormsApp1\bin\Release\CefSharp.xml = WindowsFormsApp1\bin\Release\CefSharp.xml
		WindowsFormsApp1\bin\Release\chrome_100_percent.pak = WindowsFormsApp1\bin\Release\chrome_100_percent.pak
		WindowsFormsApp1\bin\Release\chrome_200_percent.pak = WindowsFormsApp1\bin\Release\chrome_200_percent.pak
		WindowsFormsApp1\bin\Release\chrome_elf.dll = WindowsFormsApp1\bin\Release\chrome_elf.dll
		WindowsFormsApp1\bin\Release\d3dcompiler_47.dll = WindowsFormsApp1\bin\Release\d3dcompiler_47.dll
		WindowsFormsApp1\bin\Release\debug.log = WindowsFormsApp1\bin\Release\debug.log
		WindowsFormsApp1\bin\Release\DiscUtils.Streams.dll = WindowsFormsApp1\bin\Release\DiscUtils.Streams.dll
		WindowsFormsApp1\bin\Release\DiscUtils.Streams.xml = WindowsFormsApp1\bin\Release\DiscUtils.Streams.xml
		WindowsFormsApp1\bin\Release\DnsJumper.exe = WindowsFormsApp1\bin\Release\DnsJumper.exe
		WindowsFormsApp1\bin\Release\DnsJumper.ini = WindowsFormsApp1\bin\Release\DnsJumper.ini
		WindowsFormsApp1\bin\Release\FontAwesome.Sharp.dll = WindowsFormsApp1\bin\Release\FontAwesome.Sharp.dll
		WindowsFormsApp1\bin\Release\icudtl.dat = WindowsFormsApp1\bin\Release\icudtl.dat
		WindowsFormsApp1\bin\Release\install_runtime.bat = WindowsFormsApp1\bin\Release\install_runtime.bat
		WindowsFormsApp1\bin\Release\libcef.dll = WindowsFormsApp1\bin\Release\libcef.dll
		WindowsFormsApp1\bin\Release\libEGL.dll = WindowsFormsApp1\bin\Release\libEGL.dll
		WindowsFormsApp1\bin\Release\libGLESv2.dll = WindowsFormsApp1\bin\Release\libGLESv2.dll
		WindowsFormsApp1\bin\Release\LICENSE.txt = WindowsFormsApp1\bin\Release\LICENSE.txt
		WindowsFormsApp1\LosslessScaling.exe = WindowsFormsApp1\LosslessScaling.exe
		WindowsFormsApp1\bin\Release\Microsoft.PackageManagement.dll = WindowsFormsApp1\bin\Release\Microsoft.PackageManagement.dll
		WindowsFormsApp1\bin\Release\Microsoft.PowerShell.PackageManagement.dll = WindowsFormsApp1\bin\Release\Microsoft.PowerShell.PackageManagement.dll
		WindowsFormsApp1\bin\Release\Microsoft.Win32.Registry.AccessControl.dll = WindowsFormsApp1\bin\Release\Microsoft.Win32.Registry.AccessControl.dll
		WindowsFormsApp1\bin\Release\Microsoft.Win32.Registry.AccessControl.xml = WindowsFormsApp1\bin\Release\Microsoft.Win32.Registry.AccessControl.xml
		WindowsFormsApp1\bin\Release\Microsoft.Win32.Registry.dll = WindowsFormsApp1\bin\Release\Microsoft.Win32.Registry.dll
		WindowsFormsApp1\bin\Release\Microsoft.Win32.Registry.xml = WindowsFormsApp1\bin\Release\Microsoft.Win32.Registry.xml
		WindowsFormsApp1\bin\Release\nvidiaProfileInspector.exe = WindowsFormsApp1\bin\Release\nvidiaProfileInspector.exe
		WindowsFormsApp1\bin\Release\nvidiaProfileInspector.exe.config = WindowsFormsApp1\bin\Release\nvidiaProfileInspector.exe.config
		WindowsFormsApp1\bin\Release\PowerSettingsExplorer.exe = WindowsFormsApp1\bin\Release\PowerSettingsExplorer.exe
		WindowsFormsApp1\bin\Release\PowerSettingsExplorer.exe.config = WindowsFormsApp1\bin\Release\PowerSettingsExplorer.exe.config
		WindowsFormsApp1\bin\Release\Rapr.exe = WindowsFormsApp1\bin\Release\Rapr.exe
		WindowsFormsApp1\bin\Release\Rapr.log = WindowsFormsApp1\bin\Release\Rapr.log
		WindowsFormsApp1\bin\Release\README.txt = WindowsFormsApp1\bin\Release\README.txt
		WindowsFormsApp1\bin\Release\Reference.xml = WindowsFormsApp1\bin\Release\Reference.xml
		WindowsFormsApp1\bin\Release\RegistryLib.dll = WindowsFormsApp1\bin\Release\RegistryLib.dll
		WindowsFormsApp1\bin\Release\RegistryLib.xml = WindowsFormsApp1\bin\Release\RegistryLib.xml
		WindowsFormsApp1\bin\Release\RegistryWrapper.dll = WindowsFormsApp1\bin\Release\RegistryWrapper.dll
		WindowsFormsApp1\bin\Release\RegistryWrapper.xml = WindowsFormsApp1\bin\Release\RegistryWrapper.xml
		WindowsFormsApp1\bin\Release\resources.pak = WindowsFormsApp1\bin\Release\resources.pak
		WindowsFormsApp1\bin\Release\script.ps1 = WindowsFormsApp1\bin\Release\script.ps1
		WindowsFormsApp1\bin\Release\snapshot_blob.bin = WindowsFormsApp1\bin\Release\snapshot_blob.bin
		WindowsFormsApp1\bin\Release\System.Management.Automation.dll = WindowsFormsApp1\bin\Release\System.Management.Automation.dll
		WindowsFormsApp1\bin\Release\System.Security.AccessControl.dll = WindowsFormsApp1\bin\Release\System.Security.AccessControl.dll
		WindowsFormsApp1\bin\Release\System.Security.AccessControl.xml = WindowsFormsApp1\bin\Release\System.Security.AccessControl.xml
		WindowsFormsApp1\bin\Release\System.Security.Principal.Windows.dll = WindowsFormsApp1\bin\Release\System.Security.Principal.Windows.dll
		WindowsFormsApp1\bin\Release\System.Security.Principal.Windows.xml = WindowsFormsApp1\bin\Release\System.Security.Principal.Windows.xml
		WindowsFormsApp1\bin\Release\Trackyon.System.Management.Automation.Abstractions.dll = WindowsFormsApp1\bin\Release\Trackyon.System.Management.Automation.Abstractions.dll
		WindowsFormsApp1\bin\Release\v8_context_snapshot.bin = WindowsFormsApp1\bin\Release\v8_context_snapshot.bin
		WindowsFormsApp1\bin\Release\vcredist2005_x64.exe = WindowsFormsApp1\bin\Release\vcredist2005_x64.exe
		WindowsFormsApp1\bin\Release\vcredist2005_x86.exe = WindowsFormsApp1\bin\Release\vcredist2005_x86.exe
		WindowsFormsApp1\bin\Release\vcredist2008_x64.exe = WindowsFormsApp1\bin\Release\vcredist2008_x64.exe
		WindowsFormsApp1\bin\Release\vcredist2008_x86.exe = WindowsFormsApp1\bin\Release\vcredist2008_x86.exe
		WindowsFormsApp1\bin\Release\vcredist2010_x64.exe = WindowsFormsApp1\bin\Release\vcredist2010_x64.exe
		WindowsFormsApp1\bin\Release\vcredist2010_x86.exe = WindowsFormsApp1\bin\Release\vcredist2010_x86.exe
		WindowsFormsApp1\bin\Release\vcredist2012_x64.exe = WindowsFormsApp1\bin\Release\vcredist2012_x64.exe
		WindowsFormsApp1\bin\Release\vcredist2012_x86.exe = WindowsFormsApp1\bin\Release\vcredist2012_x86.exe
		WindowsFormsApp1\bin\Release\vcredist2013_x64.exe = WindowsFormsApp1\bin\Release\vcredist2013_x64.exe
		WindowsFormsApp1\bin\Release\vcredist2013_x86.exe = WindowsFormsApp1\bin\Release\vcredist2013_x86.exe
		WindowsFormsApp1\bin\Release\vcredist2015_2017_2019_2022_x64.exe = WindowsFormsApp1\bin\Release\vcredist2015_2017_2019_2022_x64.exe
		WindowsFormsApp1\bin\Release\vcredist2015_2017_2019_2022_x86.exe = WindowsFormsApp1\bin\Release\vcredist2015_2017_2019_2022_x86.exe
		WindowsFormsApp1\bin\Release\vk_swiftshader.dll = WindowsFormsApp1\bin\Release\vk_swiftshader.dll
		WindowsFormsApp1\bin\Release\vk_swiftshader_icd.json = WindowsFormsApp1\bin\Release\vk_swiftshader_icd.json
		WindowsFormsApp1\bin\Release\vulkan-1.dll = WindowsFormsApp1\bin\Release\vulkan-1.dll
	EndProjectSection
EndProject
Global
	GlobalSection(SolutionConfigurationPlatforms) = preSolution
		Debug|Any CPU = Debug|Any CPU
		Project B7 Cyber Boost|Any CPU = Project B7 Cyber Boost|Any CPU
		Release|Any CPU = Release|Any CPU
	EndGlobalSection
	GlobalSection(ProjectConfigurationPlatforms) = postSolution
		{2ED570A9-229C-468B-9D89-16E44BEEA97C}.Debug|Any CPU.ActiveCfg = Release|Any CPU
		{2ED570A9-229C-468B-9D89-16E44BEEA97C}.Debug|Any CPU.Build.0 = Release|Any CPU
		{2ED570A9-229C-468B-9D89-16E44BEEA97C}.Project B7 Cyber Boost|Any CPU.ActiveCfg = Project B7 Cyber Boost|Any CPU
		{2ED570A9-229C-468B-9D89-16E44BEEA97C}.Project B7 Cyber Boost|Any CPU.Build.0 = Project B7 Cyber Boost|Any CPU
		{2ED570A9-229C-468B-9D89-16E44BEEA97C}.Release|Any CPU.ActiveCfg = Project B7 Cyber Boost|Any CPU
		{2ED570A9-229C-468B-9D89-16E44BEEA97C}.Release|Any CPU.Build.0 = Project B7 Cyber Boost|Any CPU
	EndGlobalSection
	GlobalSection(SolutionProperties) = preSolution
		HideSolutionNode = FALSE
	EndGlobalSection
	GlobalSection(ExtensibilityGlobals) = postSolution
		SolutionGuid = {FD9777EE-BDE8-4840-B8BD-7437B8602B7F}
	EndGlobalSection
EndGlobal
